
Microsoft Visual Studio Solution File, Format Version 12.00
# Visual Studio Version 16
VisualStudioVersion = 16.0.31112.23
MinimumVisualStudioVersion = 15.0.26124.0
Project("{9A19103F-16F7-4668-BE54-9A1E7A4F7556}") = "Homeworks.WebApi", "Homeworks.WebApi\Homeworks.WebApi.csproj", "{A8065EA8-A32D-41AE-94FC-0CF13219AA2E}"
EndProject
Project("{9A19103F-16F7-4668-BE54-9A1E7A4F7556}") = "Homeworks.BusinessLogic", "Homeworks.BusinessLogic\Homeworks.BusinessLogic.csproj", "{B773894E-6C1C-43F1-B49B-C360947502AC}"
EndProject
Project("{9A19103F-16F7-4668-BE54-9A1E7A4F7556}") = "Homeworks.Domain", "Homeworks.Domain\Homeworks.Domain.csproj", "{D818A081-DF82-4134-9187-C1F6873596B5}"
EndProject
Project("{9A19103F-16F7-4668-BE54-9A1E7A4F7556}") = "Homeworks.DataAccess", "Homeworks.DataAccess\Homeworks.DataAccess.csproj", "{4F9E7750-E416-4050-A72A-B14B516C262A}"
EndProject
Project("{9A19103F-16F7-4668-BE54-9A1E7A4F7556}") = "Homeworks.WebApi.Tests", "Homeworks.WebApi.Tests\Homeworks.WebApi.Tests.csproj", "{98F78811-E15F-45F4-B2A7-636E6D49FD92}"
EndProject
Project("{FAE04EC0-301F-11D3-BF4B-00C04F79EFBC}") = "Homeworks.BusinessLogic.Tests", "Homeworks.BusinessLogic.Tests\Homeworks.BusinessLogic.Tests.csproj", "{C1BD283E-1BA8-4E03-8ABC-AF2DFBAF50B3}"
EndProject
Global
	GlobalSection(SolutionConfigurationPlatforms) = preSolution
		Debug|Any CPU = Debug|Any CPU
		Debug|x64 = Debug|x64
		Debug|x86 = Debug|x86
		Release|Any CPU = Release|Any CPU
		Release|x64 = Release|x64
		Release|x86 = Release|x86
	EndGlobalSection
	GlobalSection(ProjectConfigurationPlatforms) = postSolution
		{A8065EA8-A32D-41AE-94FC-0CF13219AA2E}.Debug|Any CPU.ActiveCfg = Debug|Any CPU
		{A8065EA8-A32D-41AE-94FC-0CF13219AA2E}.Debug|Any CPU.Build.0 = Debug|Any CPU
		{A8065EA8-A32D-41AE-94FC-0CF13219AA2E}.Debug|x64.ActiveCfg = Debug|Any CPU
		{A8065EA8-A32D-41AE-94FC-0CF13219AA2E}.Debug|x64.Build.0 = Debug|Any CPU
		{A8065EA8-A32D-41AE-94FC-0CF13219AA2E}.Debug|x86.ActiveCfg = Debug|Any CPU
		{A8065EA8-A32D-41AE-94FC-0CF13219AA2E}.Debug|x86.Build.0 = Debug|Any CPU
		{A8065EA8-A32D-41AE-94FC-0CF13219AA2E}.Release|Any CPU.ActiveCfg = Release|Any CPU
		{A8065EA8-A32D-41AE-94FC-0CF13219AA2E}.Release|Any CPU.Build.0 = Release|Any CPU
		{A8065EA8-A32D-41AE-94FC-0CF13219AA2E}.Release|x64.ActiveCfg = Release|Any CPU
		{A8065EA8-A32D-41AE-94FC-0CF13219AA2E}.Release|x64.Build.0 = Release|Any CPU
		{A8065EA8-A32D-41AE-94FC-0CF13219AA2E}.Release|x86.ActiveCfg = Release|Any CPU
		{A8065EA8-A32D-41AE-94FC-0CF13219AA2E}.Release|x86.Build.0 = Release|Any CPU
		{B773894E-6C1C-43F1-B49B-C360947502AC}.Debug|Any CPU.ActiveCfg = Debug|Any CPU
		{B773894E-6C1C-43F1-B49B-C360947502AC}.Debug|Any CPU.Build.0 = Debug|Any CPU
		{B773894E-6C1C-43F1-B49B-C360947502AC}.Debug|x64.ActiveCfg = Debug|Any CPU
		{B773894E-6C1C-43F1-B49B-C360947502AC}.Debug|x64.Build.0 = Debug|Any CPU
		{B773894E-6C1C-43F1-B49B-C360947502AC}.Debug|x86.ActiveCfg = Debug|Any CPU
		{B773894E-6C1C-43F1-B49B-C360947502AC}.Debug|x86.Build.0 = Debug|Any CPU
		{B773894E-6C1C-43F1-B49B-C360947502AC}.Release|Any CPU.ActiveCfg = Release|Any CPU
		{B773894E-6C1C-43F1-B49B-C360947502AC}.Release|Any CPU.Build.0 = Release|Any CPU
		{B773894E-6C1C-43F1-B49B-C360947502AC}.Release|x64.ActiveCfg = Release|Any CPU
		{B773894E-6C1C-43F1-B49B-C360947502AC}.Release|x64.Build.0 = Release|Any CPU
		{B773894E-6C1C-43F1-B49B-C360947502AC}.Release|x86.ActiveCfg = Release|Any CPU
		{B773894E-6C1C-43F1-B49B-C360947502AC}.Release|x86.Build.0 = Release|Any CPU
		{D818A081-DF82-4134-9187-C1F6873596B5}.Debug|Any CPU.ActiveCfg = Debug|Any CPU
		{D818A081-DF82-4134-9187-C1F6873596B5}.Debug|Any CPU.Build.0 = Debug|Any CPU
		{D818A081-DF82-4134-9187-C1F6873596B5}.Debug|x64.ActiveCfg = Debug|Any CPU
		{D818A081-DF82-4134-9187-C1F6873596B5}.Debug|x64.Build.0 = Debug|Any CPU
		{D818A081-DF82-4134-9187-C1F6873596B5}.Debug|x86.ActiveCfg = Debug|Any CPU
		{D818A081-DF82-4134-9187-C1F6873596B5}.Debug|x86.Build.0 = Debug|Any CPU
		{D818A081-DF82-4134-9187-C1F6873596B5}.Release|Any CPU.ActiveCfg = Release|Any CPU
		{D818A081-DF82-4134-9187-C1F6873596B5}.Release|Any CPU.Build.0 = Release|Any CPU
		{D818A081-DF82-4134-9187-C1F6873596B5}.Release|x64.ActiveCfg = Release|Any CPU
		{D818A081-DF82-4134-9187-C1F6873596B5}.Release|x64.Build.0 = Release|Any CPU
		{D818A081-DF82-4134-9187-C1F6873596B5}.Release|x86.ActiveCfg = Release|Any CPU
		{D818A081-DF82-4134-9187-C1F6873596B5}.Release|x86.Build.0 = Release|Any CPU
		{4F9E7750-E416-4050-A72A-B14B516C262A}.Debug|Any CPU.ActiveCfg = Debug|Any CPU
		{4F9E7750-E416-4050-A72A-B14B516C262A}.Debug|Any CPU.Build.0 = Debug|Any CPU
		{4F9E7750-E416-4050-A72A-B14B516C262A}.Debug|x64.ActiveCfg = Debug|Any CPU
		{4F9E7750-E416-4050-A72A-B14B516C262A}.Debug|x64.Build.0 = Debug|Any CPU
		{4F9E7750-E416-4050-A72A-B14B516C262A}.Debug|x86.ActiveCfg = Debug|Any CPU
		{4F9E7750-E416-4050-A72A-B14B516C262A}.Debug|x86.Build.0 = Debug|Any CPU
		{4F9E7750-E416-4050-A72A-B14B516C262A}.Release|Any CPU.ActiveCfg = Release|Any CPU
		{4F9E7750-E416-4050-A72A-B14B516C262A}.Release|Any CPU.Build.0 = Release|Any CPU
		{4F9E7750-E416-4050-A72A-B14B516C262A}.Release|x64.ActiveCfg = Release|Any CPU
		{4F9E7750-E416-4050-A72A-B14B516C262A}.Release|x64.Build.0 = Release|Any CPU
		{4F9E7750-E416-4050-A72A-B14B516C262A}.Release|x86.ActiveCfg = Release|Any CPU
		{4F9E7750-E416-4050-A72A-B14B516C262A}.Release|x86.Build.0 = Release|Any CPU
		{98F78811-E15F-45F4-B2A7-636E6D49FD92}.Debug|Any CPU.ActiveCfg = Debug|Any CPU
		{98F78811-E15F-45F4-B2A7-636E6D49FD92}.Debug|Any CPU.Build.0 = Debug|Any CPU
		{98F78811-E15F-45F4-B2A7-636E6D49FD92}.Debug|x64.ActiveCfg = Debug|Any CPU
		{98F78811-E15F-45F4-B2A7-636E6D49FD92}.Debug|x64.Build.0 = Debug|Any CPU
		{98F78811-E15F-45F4-B2A7-636E6D49FD92}.Debug|x86.ActiveCfg = Debug|Any CPU
		{98F78811-E15F-45F4-B2A7-636E6D49FD92}.Debug|x86.Build.0 = Debug|Any CPU
		{98F78811-E15F-45F4-B2A7-636E6D49FD92}.Release|Any CPU.ActiveCfg = Release|Any CPU
		{98F78811-E15F-45F4-B2A7-636E6D49FD92}.Release|Any CPU.Build.0 = Release|Any CPU
		{98F78811-E15F-45F4-B2A7-636E6D49FD92}.Release|x64.ActiveCfg = Release|Any CPU
		{98F78811-E15F-45F4-B2A7-636E6D49FD92}.Release|x64.Build.0 = Release|Any CPU
		{98F78811-E15F-45F4-B2A7-636E6D49FD92}.Release|x86.ActiveCfg = Release|Any CPU
		{98F78811-E15F-45F4-B2A7-636E6D49FD92}.Release|x86.Build.0 = Release|Any CPU
		{C1BD283E-1BA8-4E03-8ABC-AF2DFBAF50B3}.Debug|Any CPU.ActiveCfg = Debug|Any CPU
		{C1BD283E-1BA8-4E03-8ABC-AF2DFBAF50B3}.Debug|Any CPU.Build.0 = Debug|Any CPU
		{C1BD283E-1BA8-4E03-8ABC-AF2DFBAF50B3}.Debug|x64.ActiveCfg = Debug|Any CPU
		{C1BD283E-1BA8-4E03-8ABC-AF2DFBAF50B3}.Debug|x64.Build.0 = Debug|Any CPU
		{C1BD283E-1BA8-4E03-8ABC-AF2DFBAF50B3}.Debug|x86.ActiveCfg = Debug|Any CPU
		{C1BD283E-1BA8-4E03-8ABC-AF2DFBAF50B3}.Debug|x86.Build.0 = Debug|Any CPU
		{C1BD283E-1BA8-4E03-8ABC-AF2DFBAF50B3}.Release|Any CPU.ActiveCfg = Release|Any CPU
		{C1BD283E-1BA8-4E03-8ABC-AF2DFBAF50B3}.Release|Any CPU.Build.0 = Release|Any CPU
		{C1BD283E-1BA8-4E03-8ABC-AF2DFBAF50B3}.Release|x64.ActiveCfg = Release|Any CPU
		{C1BD283E-1BA8-4E03-8ABC-AF2DFBAF50B3}.Release|x64.Build.0 = Release|Any CPU
		{C1BD283E-1BA8-4E03-8ABC-AF2DFBAF50B3}.Release|x86.ActiveCfg = Release|Any CPU
		{C1BD283E-1BA8-4E03-8ABC-AF2DFBAF50B3}.Release|x86.Build.0 = Release|Any CPU
	EndGlobalSection
	GlobalSection(SolutionProperties) = preSolution
		HideSolutionNode = FALSE
	EndGlobalSection
	GlobalSection(ExtensibilityGlobals) = postSolution
		SolutionGuid = {4E2CD7D4-8C16-4F9F-9D4F-057D473E67EF}
	EndGlobalSection
EndGlobal
